
Microsoft Visual Studio Solution File, Format Version 12.00
# Visual Studio Version 16
VisualStudioVersion = 16.0.30204.135
MinimumVisualStudioVersion = 10.0.40219.1
Project("{FAE04EC0-301F-11D3-BF4B-00C04F79EFBC}") = "WindowsFormsAppDict2608", "WindowsFormsAppDict2608\WindowsFormsAppDict2608.csproj", "{1940B6CB-CDBE-4C4E-A131-51E4BC8BF0BE}"
EndProject
Global
	GlobalSection(SolutionConfigurationPlatforms) = preSolution
		Debug|Any CPU = Debug|Any CPU
		Release|Any CPU = Release|Any CPU
	EndGlobalSection
	GlobalSection(ProjectConfigurationPlatforms) = postSolution
		{1940B6CB-CDBE-4C4E-A131-51E4BC8BF0BE}.Debug|Any CPU.ActiveCfg = Debug|Any CPU
		{1940B6CB-CDBE-4C4E-A131-51E4BC8BF0BE}.Debug|Any CPU.Build.0 = Debug|Any CPU
		{1940B6CB-CDBE-4C4E-A131-51E4BC8BF0BE}.Release|Any CPU.ActiveCfg = Release|Any CPU
		{1940B6CB-CDBE-4C4E-A131-51E4BC8BF0BE}.Release|Any CPU.Build.0 = Release|Any CPU
	EndGlobalSection
	GlobalSection(SolutionProperties) = preSolution
		HideSolutionNode = FALSE
	EndGlobalSection
	GlobalSection(ExtensibilityGlobals) = postSolution
		SolutionGuid = {C4CB99BE-17C2-42AE-A7C7-28C11E519689}
	EndGlobalSection
EndGlobal
